{
    "_meta": {
        "hash": {
            "sha256": "b294a21e382d84d26a3647554b5a118d20750a4d426f42f5063a248b5d571670"
        },
        "pipfile-spec": 6,
        "requires": {
            "python_version": "2.7"
        },
        "sources": [
            {
                "name": "pypi",
                "url": "https://pypi.org/simple",
                "verify_ssl": true
            }
        ]
    },
    "default": {
        "antlr4-python2-runtime": {
            "hashes": [
                "sha256:457a8723c61b785c326e82590c0881df06b88fa08cb1c7561a90143f6bd0e641",
                "sha256:670989e8e46e531d8a10d53fbc84fa5983a293c86785e1df28f6f4a667702802"
            ],
            "version": "==4.5.3"
        },
        "foostache": {
            "hashes": [
                "sha256:575fab790ed28ea456094a11eadafd6780424699db1c03e7cee3a6ae7d8c6301",
                "sha256:a71b59edd13a5e7cfcc82dab1725b156102b1e6d58febc88ba04f5bf3ca841ae"
            ],
            "index": "pypi",
            "version": "==1.1.2"
        },
        "ujson": {
            "hashes": [
                "sha256:f66073e5506e91d204ab0c614a148d5aa938bdbf104751be66f8ad7a222f5f86"
            ],
            "index": "pypi",
            "version": "==1.35"
        }
    },
    "develop": {}
}
